
Microsoft Visual Studio Solution File, Format Version 12.00
# Visual Studio 14
VisualStudioVersion = 14.0.25420.1
MinimumVisualStudioVersion = 10.0.40219.1
Project("{FAE04EC0-301F-11D3-BF4B-00C04F79EFBC}") = "Chapter03", "Chapter03\Chapter03.csproj", "{9E61022C-161D-4D99-859E-E25F26089EE5}"
EndProject
Project("{FAE04EC0-301F-11D3-BF4B-00C04F79EFBC}") = "Chapter05", "Chapter05\Chapter05.csproj", "{2D0AD35A-0978-4028-8848-645B4DF40C28}"
EndProject
Project("{FAE04EC0-301F-11D3-BF4B-00C04F79EFBC}") = "Chapter06", "Chapter06\Chapter06.csproj", "{8288C69A-5F66-428B-8DD8-6520691184EC}"
EndProject
Project("{FAE04EC0-301F-11D3-BF4B-00C04F79EFBC}") = "Chapter07", "Chapter07\Chapter07.csproj", "{9E323FE8-F3E4-4166-AFAA-B7B5422559AF}"
EndProject
Project("{FAE04EC0-301F-11D3-BF4B-00C04F79EFBC}") = "Chapter08", "Chapter08\Chapter08.csproj", "{D4D82C96-9902-4AAE-BF6A-5D099ADE7C44}"
EndProject
Project("{FAE04EC0-301F-11D3-BF4B-00C04F79EFBC}") = "OfficeInteropFinally", "OfficeInteropFinally\OfficeInteropFinally.csproj", "{623FD20F-5803-4C74-BF85-1C7239C8EB2D}"
EndProject
Project("{FAE04EC0-301F-11D3-BF4B-00C04F79EFBC}") = "Chapter09", "Chapter09\Chapter09.csproj", "{BE4F8D8B-03AF-48FE-B90A-9047AEEE8EB5}"
EndProject
Project("{2150E333-8FDC-42A3-9474-1A3956D46DE8}") = "Chapter09_1", "Chapter09_1", "{C2DE73D2-69C4-4770-BE08-D68A53FD566E}"
EndProject
Project("{FAE04EC0-301F-11D3-BF4B-00C04F79EFBC}") = "Examples1-38", "Examples1-38\Examples1-38.csproj", "{CF69D043-A891-4566-9E28-9AE69EC0F0AA}"
EndProject
Project("{FAE04EC0-301F-11D3-BF4B-00C04F79EFBC}") = "Examples39-43", "Examples39-43\Examples39-43.csproj", "{7A1FA565-4A3E-4B59-80E8-4838D3728E27}"
EndProject
Project("{2150E333-8FDC-42A3-9474-1A3956D46DE8}") = "Chapter10", "Chapter10", "{30658A4F-B5FE-4EF4-B47B-C2AA4A162CC7}"
EndProject
Project("{FAE04EC0-301F-11D3-BF4B-00C04F79EFBC}") = "Examples1-10", "Examples1-10\Examples1-10.csproj", "{5A0BAEFD-8906-4880-B2B8-97AAA2E152B2}"
EndProject
Project("{FAE04EC0-301F-11D3-BF4B-00C04F79EFBC}") = "Example11", "Example11\Example11.csproj", "{B92AC415-136F-4814-9B7D-8A9B886EFC8F}"
EndProject
Project("{FAE04EC0-301F-11D3-BF4B-00C04F79EFBC}") = "Example12", "Example12\Example12.csproj", "{08920DE9-10AA-4534-B7FE-0451463184C5}"
EndProject
Project("{FAE04EC0-301F-11D3-BF4B-00C04F79EFBC}") = "Examples13-14", "Examples13-14\Examples13-14.csproj", "{98584227-E667-4C7B-B98E-28D0CD5B5B14}"
EndProject
Project("{FAE04EC0-301F-11D3-BF4B-00C04F79EFBC}") = "Operators", "Operators\Operators.csproj", "{03109A9F-3EFA-4B32-96A3-CF99C553BE31}"
EndProject
Project("{FAE04EC0-301F-11D3-BF4B-00C04F79EFBC}") = "Chapter5_examples29-33", "Chapter5_examples29-33\Chapter5_examples29-33.csproj", "{B20F57E6-E84A-4077-9B5D-BA3731DABCF9}"
EndProject
Project("{2150E333-8FDC-42A3-9474-1A3956D46DE8}") = "Chapter11", "Chapter11", "{80D97F33-6514-44E7-98A3-541F593755E0}"
EndProject
Project("{2150E333-8FDC-42A3-9474-1A3956D46DE8}") = "Examples1-15,18", "Examples1-15,18", "{7412B880-8FA1-440B-8275-A80757F2697D}"
EndProject
Project("{FAE04EC0-301F-11D3-BF4B-00C04F79EFBC}") = "BasicRx", "BasicRx\BasicRx.csproj", "{5CE69797-E50D-4925-B8D0-ECA35B73367B}"
EndProject
Project("{2150E333-8FDC-42A3-9474-1A3956D46DE8}") = "Chapter04", "Chapter04", "{E3835D03-A005-40AB-8744-8142ADC1E36D}"
EndProject
Project("{FAE04EC0-301F-11D3-BF4B-00C04F79EFBC}") = "Generics", "Generics\Generics.csproj", "{507F3B1E-89D2-48D7-8103-46338CDCA5AE}"
EndProject
Project("{FAE04EC0-301F-11D3-BF4B-00C04F79EFBC}") = "Others", "Others\Others.csproj", "{5A770735-AEDE-4969-A4D0-B5B7995A0A7D}"
EndProject
Project("{FAE04EC0-301F-11D3-BF4B-00C04F79EFBC}") = "Delegates", "Chapter09\Examples1-38\Delegates\Delegates.csproj", "{664B6505-371E-4A86-AB7E-696A5BA13A25}"
EndProject
Global
	GlobalSection(Performance) = preSolution
		HasPerformanceSessions = true
	EndGlobalSection
	GlobalSection(SolutionConfigurationPlatforms) = preSolution
		Debug|Any CPU = Debug|Any CPU
		Release|Any CPU = Release|Any CPU
	EndGlobalSection
	GlobalSection(ProjectConfigurationPlatforms) = postSolution
		{9E61022C-161D-4D99-859E-E25F26089EE5}.Debug|Any CPU.ActiveCfg = Debug|Any CPU
		{9E61022C-161D-4D99-859E-E25F26089EE5}.Debug|Any CPU.Build.0 = Debug|Any CPU
		{9E61022C-161D-4D99-859E-E25F26089EE5}.Release|Any CPU.ActiveCfg = Release|Any CPU
		{9E61022C-161D-4D99-859E-E25F26089EE5}.Release|Any CPU.Build.0 = Release|Any CPU
		{2D0AD35A-0978-4028-8848-645B4DF40C28}.Debug|Any CPU.ActiveCfg = Debug|Any CPU
		{2D0AD35A-0978-4028-8848-645B4DF40C28}.Debug|Any CPU.Build.0 = Debug|Any CPU
		{2D0AD35A-0978-4028-8848-645B4DF40C28}.Release|Any CPU.ActiveCfg = Release|Any CPU
		{2D0AD35A-0978-4028-8848-645B4DF40C28}.Release|Any CPU.Build.0 = Release|Any CPU
		{8288C69A-5F66-428B-8DD8-6520691184EC}.Debug|Any CPU.ActiveCfg = Debug|Any CPU
		{8288C69A-5F66-428B-8DD8-6520691184EC}.Debug|Any CPU.Build.0 = Debug|Any CPU
		{8288C69A-5F66-428B-8DD8-6520691184EC}.Release|Any CPU.ActiveCfg = Release|Any CPU
		{8288C69A-5F66-428B-8DD8-6520691184EC}.Release|Any CPU.Build.0 = Release|Any CPU
		{9E323FE8-F3E4-4166-AFAA-B7B5422559AF}.Debug|Any CPU.ActiveCfg = Debug|Any CPU
		{9E323FE8-F3E4-4166-AFAA-B7B5422559AF}.Debug|Any CPU.Build.0 = Debug|Any CPU
		{9E323FE8-F3E4-4166-AFAA-B7B5422559AF}.Release|Any CPU.ActiveCfg = Release|Any CPU
		{9E323FE8-F3E4-4166-AFAA-B7B5422559AF}.Release|Any CPU.Build.0 = Release|Any CPU
		{D4D82C96-9902-4AAE-BF6A-5D099ADE7C44}.Debug|Any CPU.ActiveCfg = Debug|Any CPU
		{D4D82C96-9902-4AAE-BF6A-5D099ADE7C44}.Debug|Any CPU.Build.0 = Debug|Any CPU
		{D4D82C96-9902-4AAE-BF6A-5D099ADE7C44}.Release|Any CPU.ActiveCfg = Release|Any CPU
		{D4D82C96-9902-4AAE-BF6A-5D099ADE7C44}.Release|Any CPU.Build.0 = Release|Any CPU
		{623FD20F-5803-4C74-BF85-1C7239C8EB2D}.Debug|Any CPU.ActiveCfg = Debug|Any CPU
		{623FD20F-5803-4C74-BF85-1C7239C8EB2D}.Debug|Any CPU.Build.0 = Debug|Any CPU
		{623FD20F-5803-4C74-BF85-1C7239C8EB2D}.Release|Any CPU.ActiveCfg = Release|Any CPU
		{623FD20F-5803-4C74-BF85-1C7239C8EB2D}.Release|Any CPU.Build.0 = Release|Any CPU
		{BE4F8D8B-03AF-48FE-B90A-9047AEEE8EB5}.Debug|Any CPU.ActiveCfg = Debug|Any CPU
		{BE4F8D8B-03AF-48FE-B90A-9047AEEE8EB5}.Debug|Any CPU.Build.0 = Debug|Any CPU
		{BE4F8D8B-03AF-48FE-B90A-9047AEEE8EB5}.Release|Any CPU.ActiveCfg = Release|Any CPU
		{BE4F8D8B-03AF-48FE-B90A-9047AEEE8EB5}.Release|Any CPU.Build.0 = Release|Any CPU
		{CF69D043-A891-4566-9E28-9AE69EC0F0AA}.Debug|Any CPU.ActiveCfg = Debug|Any CPU
		{CF69D043-A891-4566-9E28-9AE69EC0F0AA}.Debug|Any CPU.Build.0 = Debug|Any CPU
		{CF69D043-A891-4566-9E28-9AE69EC0F0AA}.Release|Any CPU.ActiveCfg = Release|Any CPU
		{CF69D043-A891-4566-9E28-9AE69EC0F0AA}.Release|Any CPU.Build.0 = Release|Any CPU
		{7A1FA565-4A3E-4B59-80E8-4838D3728E27}.Debug|Any CPU.ActiveCfg = Debug|Any CPU
		{7A1FA565-4A3E-4B59-80E8-4838D3728E27}.Debug|Any CPU.Build.0 = Debug|Any CPU
		{7A1FA565-4A3E-4B59-80E8-4838D3728E27}.Release|Any CPU.ActiveCfg = Release|Any CPU
		{7A1FA565-4A3E-4B59-80E8-4838D3728E27}.Release|Any CPU.Build.0 = Release|Any CPU
		{5A0BAEFD-8906-4880-B2B8-97AAA2E152B2}.Debug|Any CPU.ActiveCfg = Debug|Any CPU
		{5A0BAEFD-8906-4880-B2B8-97AAA2E152B2}.Debug|Any CPU.Build.0 = Debug|Any CPU
		{5A0BAEFD-8906-4880-B2B8-97AAA2E152B2}.Release|Any CPU.ActiveCfg = Release|Any CPU
		{5A0BAEFD-8906-4880-B2B8-97AAA2E152B2}.Release|Any CPU.Build.0 = Release|Any CPU
		{B92AC415-136F-4814-9B7D-8A9B886EFC8F}.Debug|Any CPU.ActiveCfg = Debug|Any CPU
		{B92AC415-136F-4814-9B7D-8A9B886EFC8F}.Debug|Any CPU.Build.0 = Debug|Any CPU
		{B92AC415-136F-4814-9B7D-8A9B886EFC8F}.Release|Any CPU.ActiveCfg = Release|Any CPU
		{B92AC415-136F-4814-9B7D-8A9B886EFC8F}.Release|Any CPU.Build.0 = Release|Any CPU
		{08920DE9-10AA-4534-B7FE-0451463184C5}.Debug|Any CPU.ActiveCfg = Debug|Any CPU
		{08920DE9-10AA-4534-B7FE-0451463184C5}.Debug|Any CPU.Build.0 = Debug|Any CPU
		{08920DE9-10AA-4534-B7FE-0451463184C5}.Release|Any CPU.ActiveCfg = Release|Any CPU
		{08920DE9-10AA-4534-B7FE-0451463184C5}.Release|Any CPU.Build.0 = Release|Any CPU
		{98584227-E667-4C7B-B98E-28D0CD5B5B14}.Debug|Any CPU.ActiveCfg = Debug|Any CPU
		{98584227-E667-4C7B-B98E-28D0CD5B5B14}.Debug|Any CPU.Build.0 = Debug|Any CPU
		{98584227-E667-4C7B-B98E-28D0CD5B5B14}.Release|Any CPU.ActiveCfg = Release|Any CPU
		{98584227-E667-4C7B-B98E-28D0CD5B5B14}.Release|Any CPU.Build.0 = Release|Any CPU
		{03109A9F-3EFA-4B32-96A3-CF99C553BE31}.Debug|Any CPU.ActiveCfg = Debug|Any CPU
		{03109A9F-3EFA-4B32-96A3-CF99C553BE31}.Debug|Any CPU.Build.0 = Debug|Any CPU
		{03109A9F-3EFA-4B32-96A3-CF99C553BE31}.Release|Any CPU.ActiveCfg = Release|Any CPU
		{03109A9F-3EFA-4B32-96A3-CF99C553BE31}.Release|Any CPU.Build.0 = Release|Any CPU
		{B20F57E6-E84A-4077-9B5D-BA3731DABCF9}.Debug|Any CPU.ActiveCfg = Debug|Any CPU
		{B20F57E6-E84A-4077-9B5D-BA3731DABCF9}.Debug|Any CPU.Build.0 = Debug|Any CPU
		{B20F57E6-E84A-4077-9B5D-BA3731DABCF9}.Release|Any CPU.ActiveCfg = Release|Any CPU
		{B20F57E6-E84A-4077-9B5D-BA3731DABCF9}.Release|Any CPU.Build.0 = Release|Any CPU
		{5CE69797-E50D-4925-B8D0-ECA35B73367B}.Debug|Any CPU.ActiveCfg = Debug|Any CPU
		{5CE69797-E50D-4925-B8D0-ECA35B73367B}.Debug|Any CPU.Build.0 = Debug|Any CPU
		{5CE69797-E50D-4925-B8D0-ECA35B73367B}.Release|Any CPU.ActiveCfg = Release|Any CPU
		{5CE69797-E50D-4925-B8D0-ECA35B73367B}.Release|Any CPU.Build.0 = Release|Any CPU
		{507F3B1E-89D2-48D7-8103-46338CDCA5AE}.Debug|Any CPU.ActiveCfg = Debug|Any CPU
		{507F3B1E-89D2-48D7-8103-46338CDCA5AE}.Debug|Any CPU.Build.0 = Debug|Any CPU
		{507F3B1E-89D2-48D7-8103-46338CDCA5AE}.Release|Any CPU.ActiveCfg = Release|Any CPU
		{507F3B1E-89D2-48D7-8103-46338CDCA5AE}.Release|Any CPU.Build.0 = Release|Any CPU
		{5A770735-AEDE-4969-A4D0-B5B7995A0A7D}.Debug|Any CPU.ActiveCfg = Debug|Any CPU
		{5A770735-AEDE-4969-A4D0-B5B7995A0A7D}.Debug|Any CPU.Build.0 = Debug|Any CPU
		{5A770735-AEDE-4969-A4D0-B5B7995A0A7D}.Release|Any CPU.ActiveCfg = Release|Any CPU
		{5A770735-AEDE-4969-A4D0-B5B7995A0A7D}.Release|Any CPU.Build.0 = Release|Any CPU
		{664B6505-371E-4A86-AB7E-696A5BA13A25}.Debug|Any CPU.ActiveCfg = Debug|Any CPU
		{664B6505-371E-4A86-AB7E-696A5BA13A25}.Debug|Any CPU.Build.0 = Debug|Any CPU
		{664B6505-371E-4A86-AB7E-696A5BA13A25}.Release|Any CPU.ActiveCfg = Release|Any CPU
		{664B6505-371E-4A86-AB7E-696A5BA13A25}.Release|Any CPU.Build.0 = Release|Any CPU
	EndGlobalSection
	GlobalSection(SolutionProperties) = preSolution
		HideSolutionNode = FALSE
	EndGlobalSection
	GlobalSection(NestedProjects) = preSolution
		{CF69D043-A891-4566-9E28-9AE69EC0F0AA} = {C2DE73D2-69C4-4770-BE08-D68A53FD566E}
		{7A1FA565-4A3E-4B59-80E8-4838D3728E27} = {C2DE73D2-69C4-4770-BE08-D68A53FD566E}
		{5A0BAEFD-8906-4880-B2B8-97AAA2E152B2} = {30658A4F-B5FE-4EF4-B47B-C2AA4A162CC7}
		{B92AC415-136F-4814-9B7D-8A9B886EFC8F} = {30658A4F-B5FE-4EF4-B47B-C2AA4A162CC7}
		{08920DE9-10AA-4534-B7FE-0451463184C5} = {30658A4F-B5FE-4EF4-B47B-C2AA4A162CC7}
		{98584227-E667-4C7B-B98E-28D0CD5B5B14} = {30658A4F-B5FE-4EF4-B47B-C2AA4A162CC7}
		{03109A9F-3EFA-4B32-96A3-CF99C553BE31} = {30658A4F-B5FE-4EF4-B47B-C2AA4A162CC7}
		{7412B880-8FA1-440B-8275-A80757F2697D} = {80D97F33-6514-44E7-98A3-541F593755E0}
		{5CE69797-E50D-4925-B8D0-ECA35B73367B} = {7412B880-8FA1-440B-8275-A80757F2697D}
		{507F3B1E-89D2-48D7-8103-46338CDCA5AE} = {E3835D03-A005-40AB-8744-8142ADC1E36D}
	EndGlobalSection
EndGlobal
